
Microsoft Visual Studio Solution File, Format Version 12.00
# Visual Studio Version 17
VisualStudioVersion = 17.1.32127.271
MinimumVisualStudioVersion = 10.0.40219.1
Project("{2150E333-8FDC-42A3-9474-1A3956D46DE8}") = "1.链表", "1.链表", "{6BE31670-1988-4BD2-9533-03CF34110FC7}"
EndProject
Project("{9A19103F-16F7-4668-BE54-9A1E7A4F7556}") = "237. 删除链表中的节点", "1.链表\237. 删除链表中的节点\237. 删除链表中的节点.csproj", "{DE4E4FCD-9F3C-46A6-B9E2-84446684CFD1}"
EndProject
Global
	GlobalSection(SolutionConfigurationPlatforms) = preSolution
		Debug|Any CPU = Debug|Any CPU
		Release|Any CPU = Release|Any CPU
	EndGlobalSection
	GlobalSection(ProjectConfigurationPlatforms) = postSolution
		{DE4E4FCD-9F3C-46A6-B9E2-84446684CFD1}.Debug|Any CPU.ActiveCfg = Debug|Any CPU
		{DE4E4FCD-9F3C-46A6-B9E2-84446684CFD1}.Debug|Any CPU.Build.0 = Debug|Any CPU
		{DE4E4FCD-9F3C-46A6-B9E2-84446684CFD1}.Release|Any CPU.ActiveCfg = Release|Any CPU
		{DE4E4FCD-9F3C-46A6-B9E2-84446684CFD1}.Release|Any CPU.Build.0 = Release|Any CPU
	EndGlobalSection
	GlobalSection(SolutionProperties) = preSolution
		HideSolutionNode = FALSE
	EndGlobalSection
	GlobalSection(NestedProjects) = preSolution
		{DE4E4FCD-9F3C-46A6-B9E2-84446684CFD1} = {6BE31670-1988-4BD2-9533-03CF34110FC7}
	EndGlobalSection
	GlobalSection(ExtensibilityGlobals) = postSolution
		SolutionGuid = {FF84AAD0-028F-4933-B6FF-E4B1D3022BAD}
	EndGlobalSection
EndGlobal
